
Microsoft Visual Studio Solution File, Format Version 12.00
# Visual Studio 14
VisualStudioVersion = 14.0.24720.0
MinimumVisualStudioVersion = 10.0.40219.1
Project("{FAE04EC0-301F-11D3-BF4B-00C04F79EFBC}") = "TestingApplication", "TestingApplication\TestingApplication.csproj", "{239FB556-B6AC-4939-AE95-80FEC1928CD0}"
EndProject
Project("{FAE04EC0-301F-11D3-BF4B-00C04F79EFBC}") = "Harjoitus4", "Harjoitus4\Harjoitus4.csproj", "{2717E731-A3A4-4F92-9EC5-E9D8ED512039}"
EndProject
Project("{FAE04EC0-301F-11D3-BF4B-00C04F79EFBC}") = "Demo1_T5", "Demo1_T5\Demo1_T5.csproj", "{70E8C933-C8C1-48EE-98AD-51B3889A0675}"
EndProject
Global
	GlobalSection(SolutionConfigurationPlatforms) = preSolution
		Debug|Any CPU = Debug|Any CPU
		Release|Any CPU = Release|Any CPU
	EndGlobalSection
	GlobalSection(ProjectConfigurationPlatforms) = postSolution
		{239FB556-B6AC-4939-AE95-80FEC1928CD0}.Debug|Any CPU.ActiveCfg = Debug|Any CPU
		{239FB556-B6AC-4939-AE95-80FEC1928CD0}.Debug|Any CPU.Build.0 = Debug|Any CPU
		{239FB556-B6AC-4939-AE95-80FEC1928CD0}.Release|Any CPU.ActiveCfg = Release|Any CPU
		{239FB556-B6AC-4939-AE95-80FEC1928CD0}.Release|Any CPU.Build.0 = Release|Any CPU
		{2717E731-A3A4-4F92-9EC5-E9D8ED512039}.Debug|Any CPU.ActiveCfg = Debug|Any CPU
		{2717E731-A3A4-4F92-9EC5-E9D8ED512039}.Debug|Any CPU.Build.0 = Debug|Any CPU
		{2717E731-A3A4-4F92-9EC5-E9D8ED512039}.Release|Any CPU.ActiveCfg = Release|Any CPU
		{2717E731-A3A4-4F92-9EC5-E9D8ED512039}.Release|Any CPU.Build.0 = Release|Any CPU
		{70E8C933-C8C1-48EE-98AD-51B3889A0675}.Debug|Any CPU.ActiveCfg = Debug|Any CPU
		{70E8C933-C8C1-48EE-98AD-51B3889A0675}.Debug|Any CPU.Build.0 = Debug|Any CPU
		{70E8C933-C8C1-48EE-98AD-51B3889A0675}.Release|Any CPU.ActiveCfg = Release|Any CPU
		{70E8C933-C8C1-48EE-98AD-51B3889A0675}.Release|Any CPU.Build.0 = Release|Any CPU
	EndGlobalSection
	GlobalSection(SolutionProperties) = preSolution
		HideSolutionNode = FALSE
	EndGlobalSection
EndGlobal
